{
  "name": "odyssey-voyage-I",
  "lockfileVersion": 2,
  "requires": true,
  "packages": {
    "": {
      "dependencies": {
        "gateway": "^1.0.0"
      }
    },
    "node_modules/gateway": {
      "version": "1.0.0",
      "resolved": "https://registry.npmjs.org/gateway/-/gateway-1.0.0.tgz",
      "integrity": "sha1-eBEt6kwnKmENfsHlGsEg9BCGb6Q="
    }
  },
  "dependencies": {
    "gateway": {
      "version": "1.0.0",
      "resolved": "https://registry.npmjs.org/gateway/-/gateway-1.0.0.tgz",
      "integrity": "sha1-eBEt6kwnKmENfsHlGsEg9BCGb6Q="
    }
  }
}
